
Microsoft Visual Studio Solution File, Format Version 12.00
# Visual Studio 15
VisualStudioVersion = 15.0.28307.421
MinimumVisualStudioVersion = 10.0.40219.1
Project("{FAE04EC0-301F-11D3-BF4B-00C04F79EFBC}") = "FUNDOOAPP.Android", "FUNDOOAPP\FUNDOOAPP.Android\FUNDOOAPP.Android.csproj", "{68A68538-30F4-419B-B843-24542AB31E4E}"
EndProject
Project("{FAE04EC0-301F-11D3-BF4B-00C04F79EFBC}") = "FUNDOOAPP.iOS", "FUNDOOAPP\FUNDOOAPP.iOS\FUNDOOAPP.iOS.csproj", "{C40A5B91-716C-41B3-99B8-FD14A91BAD56}"
EndProject
Project("{9A19103F-16F7-4668-BE54-9A1E7A4F7556}") = "FUNDOOAPP", "FUNDOOAPP\FUNDOOAPP\FUNDOOAPP.csproj", "{0396A442-ABAE-4F88-BCB4-ED5C5CC7F3F6}"
EndProject
Project("{FAE04EC0-301F-11D3-BF4B-00C04F79EFBC}") = "FundooTesting1", "FundooTesting1\FundooTesting1.csproj", "{97EDD94D-025F-4BB5-9C04-0ACF11FB4FCE}"
EndProject
Global
	GlobalSection(SolutionConfigurationPlatforms) = preSolution
		Ad-Hoc|Any CPU = Ad-Hoc|Any CPU
		Ad-Hoc|iPhone = Ad-Hoc|iPhone
		Ad-Hoc|iPhoneSimulator = Ad-Hoc|iPhoneSimulator
		AppStore|Any CPU = AppStore|Any CPU
		AppStore|iPhone = AppStore|iPhone
		AppStore|iPhoneSimulator = AppStore|iPhoneSimulator
		Debug|Any CPU = Debug|Any CPU
		Debug|iPhone = Debug|iPhone
		Debug|iPhoneSimulator = Debug|iPhoneSimulator
		Release|Any CPU = Release|Any CPU
		Release|iPhone = Release|iPhone
		Release|iPhoneSimulator = Release|iPhoneSimulator
	EndGlobalSection
	GlobalSection(ProjectConfigurationPlatforms) = postSolution
		{68A68538-30F4-419B-B843-24542AB31E4E}.Ad-Hoc|Any CPU.ActiveCfg = Release|Any CPU
		{68A68538-30F4-419B-B843-24542AB31E4E}.Ad-Hoc|Any CPU.Build.0 = Release|Any CPU
		{68A68538-30F4-419B-B843-24542AB31E4E}.Ad-Hoc|Any CPU.Deploy.0 = Release|Any CPU
		{68A68538-30F4-419B-B843-24542AB31E4E}.Ad-Hoc|iPhone.ActiveCfg = Release|Any CPU
		{68A68538-30F4-419B-B843-24542AB31E4E}.Ad-Hoc|iPhone.Build.0 = Release|Any CPU
		{68A68538-30F4-419B-B843-24542AB31E4E}.Ad-Hoc|iPhone.Deploy.0 = Release|Any CPU
		{68A68538-30F4-419B-B843-24542AB31E4E}.Ad-Hoc|iPhoneSimulator.ActiveCfg = Release|Any CPU
		{68A68538-30F4-419B-B843-24542AB31E4E}.Ad-Hoc|iPhoneSimulator.Build.0 = Release|Any CPU
		{68A68538-30F4-419B-B843-24542AB31E4E}.Ad-Hoc|iPhoneSimulator.Deploy.0 = Release|Any CPU
		{68A68538-30F4-419B-B843-24542AB31E4E}.AppStore|Any CPU.ActiveCfg = Release|Any CPU
		{68A68538-30F4-419B-B843-24542AB31E4E}.AppStore|Any CPU.Build.0 = Release|Any CPU
		{68A68538-30F4-419B-B843-24542AB31E4E}.AppStore|Any CPU.Deploy.0 = Release|Any CPU
		{68A68538-30F4-419B-B843-24542AB31E4E}.AppStore|iPhone.ActiveCfg = Release|Any CPU
		{68A68538-30F4-419B-B843-24542AB31E4E}.AppStore|iPhone.Build.0 = Release|Any CPU
		{68A68538-30F4-419B-B843-24542AB31E4E}.AppStore|iPhone.Deploy.0 = Release|Any CPU
		{68A68538-30F4-419B-B843-24542AB31E4E}.AppStore|iPhoneSimulator.ActiveCfg = Release|Any CPU
		{68A68538-30F4-419B-B843-24542AB31E4E}.AppStore|iPhoneSimulator.Build.0 = Release|Any CPU
		{68A68538-30F4-419B-B843-24542AB31E4E}.AppStore|iPhoneSimulator.Deploy.0 = Release|Any CPU
		{68A68538-30F4-419B-B843-24542AB31E4E}.Debug|Any CPU.ActiveCfg = Debug|Any CPU
		{68A68538-30F4-419B-B843-24542AB31E4E}.Debug|Any CPU.Build.0 = Debug|Any CPU
		{68A68538-30F4-419B-B843-24542AB31E4E}.Debug|Any CPU.Deploy.0 = Debug|Any CPU
		{68A68538-30F4-419B-B843-24542AB31E4E}.Debug|iPhone.ActiveCfg = Debug|Any CPU
		{68A68538-30F4-419B-B843-24542AB31E4E}.Debug|iPhone.Build.0 = Debug|Any CPU
		{68A68538-30F4-419B-B843-24542AB31E4E}.Debug|iPhone.Deploy.0 = Debug|Any CPU
		{68A68538-30F4-419B-B843-24542AB31E4E}.Debug|iPhoneSimulator.ActiveCfg = Debug|Any CPU
		{68A68538-30F4-419B-B843-24542AB31E4E}.Debug|iPhoneSimulator.Build.0 = Debug|Any CPU
		{68A68538-30F4-419B-B843-24542AB31E4E}.Debug|iPhoneSimulator.Deploy.0 = Debug|Any CPU
		{68A68538-30F4-419B-B843-24542AB31E4E}.Release|Any CPU.ActiveCfg = Release|Any CPU
		{68A68538-30F4-419B-B843-24542AB31E4E}.Release|Any CPU.Build.0 = Release|Any CPU
		{68A68538-30F4-419B-B843-24542AB31E4E}.Release|Any CPU.Deploy.0 = Release|Any CPU
		{68A68538-30F4-419B-B843-24542AB31E4E}.Release|iPhone.ActiveCfg = Release|Any CPU
		{68A68538-30F4-419B-B843-24542AB31E4E}.Release|iPhone.Build.0 = Release|Any CPU
		{68A68538-30F4-419B-B843-24542AB31E4E}.Release|iPhone.Deploy.0 = Release|Any CPU
		{68A68538-30F4-419B-B843-24542AB31E4E}.Release|iPhoneSimulator.ActiveCfg = Release|Any CPU
		{68A68538-30F4-419B-B843-24542AB31E4E}.Release|iPhoneSimulator.Build.0 = Release|Any CPU
		{68A68538-30F4-419B-B843-24542AB31E4E}.Release|iPhoneSimulator.Deploy.0 = Release|Any CPU
		{C40A5B91-716C-41B3-99B8-FD14A91BAD56}.Ad-Hoc|Any CPU.ActiveCfg = Ad-Hoc|iPhone
		{C40A5B91-716C-41B3-99B8-FD14A91BAD56}.Ad-Hoc|Any CPU.Build.0 = Ad-Hoc|iPhone
		{C40A5B91-716C-41B3-99B8-FD14A91BAD56}.Ad-Hoc|Any CPU.Deploy.0 = Ad-Hoc|iPhone
		{C40A5B91-716C-41B3-99B8-FD14A91BAD56}.Ad-Hoc|iPhone.ActiveCfg = Ad-Hoc|iPhone
		{C40A5B91-716C-41B3-99B8-FD14A91BAD56}.Ad-Hoc|iPhone.Build.0 = Ad-Hoc|iPhone
		{C40A5B91-716C-41B3-99B8-FD14A91BAD56}.Ad-Hoc|iPhone.Deploy.0 = Ad-Hoc|iPhone
		{C40A5B91-716C-41B3-99B8-FD14A91BAD56}.Ad-Hoc|iPhoneSimulator.ActiveCfg = Ad-Hoc|iPhoneSimulator
		{C40A5B91-716C-41B3-99B8-FD14A91BAD56}.Ad-Hoc|iPhoneSimulator.Build.0 = Ad-Hoc|iPhoneSimulator
		{C40A5B91-716C-41B3-99B8-FD14A91BAD56}.Ad-Hoc|iPhoneSimulator.Deploy.0 = Ad-Hoc|iPhoneSimulator
		{C40A5B91-716C-41B3-99B8-FD14A91BAD56}.AppStore|Any CPU.ActiveCfg = AppStore|iPhone
		{C40A5B91-716C-41B3-99B8-FD14A91BAD56}.AppStore|Any CPU.Build.0 = AppStore|iPhone
		{C40A5B91-716C-41B3-99B8-FD14A91BAD56}.AppStore|Any CPU.Deploy.0 = AppStore|iPhone
		{C40A5B91-716C-41B3-99B8-FD14A91BAD56}.AppStore|iPhone.ActiveCfg = AppStore|iPhone
		{C40A5B91-716C-41B3-99B8-FD14A91BAD56}.AppStore|iPhone.Build.0 = AppStore|iPhone
		{C40A5B91-716C-41B3-99B8-FD14A91BAD56}.AppStore|iPhone.Deploy.0 = AppStore|iPhone
		{C40A5B91-716C-41B3-99B8-FD14A91BAD56}.AppStore|iPhoneSimulator.ActiveCfg = AppStore|iPhoneSimulator
		{C40A5B91-716C-41B3-99B8-FD14A91BAD56}.AppStore|iPhoneSimulator.Build.0 = AppStore|iPhoneSimulator
		{C40A5B91-716C-41B3-99B8-FD14A91BAD56}.AppStore|iPhoneSimulator.Deploy.0 = AppStore|iPhoneSimulator
		{C40A5B91-716C-41B3-99B8-FD14A91BAD56}.Debug|Any CPU.ActiveCfg = Debug|iPhoneSimulator
		{C40A5B91-716C-41B3-99B8-FD14A91BAD56}.Debug|Any CPU.Build.0 = Debug|iPhoneSimulator
		{C40A5B91-716C-41B3-99B8-FD14A91BAD56}.Debug|Any CPU.Deploy.0 = Debug|iPhoneSimulator
		{C40A5B91-716C-41B3-99B8-FD14A91BAD56}.Debug|iPhone.ActiveCfg = Debug|iPhone
		{C40A5B91-716C-41B3-99B8-FD14A91BAD56}.Debug|iPhone.Build.0 = Debug|iPhone
		{C40A5B91-716C-41B3-99B8-FD14A91BAD56}.Debug|iPhone.Deploy.0 = Debug|iPhone
		{C40A5B91-716C-41B3-99B8-FD14A91BAD56}.Debug|iPhoneSimulator.ActiveCfg = Debug|iPhoneSimulator
		{C40A5B91-716C-41B3-99B8-FD14A91BAD56}.Debug|iPhoneSimulator.Build.0 = Debug|iPhoneSimulator
		{C40A5B91-716C-41B3-99B8-FD14A91BAD56}.Debug|iPhoneSimulator.Deploy.0 = Debug|iPhoneSimulator
		{C40A5B91-716C-41B3-99B8-FD14A91BAD56}.Release|Any CPU.ActiveCfg = Release|iPhone
		{C40A5B91-716C-41B3-99B8-FD14A91BAD56}.Release|Any CPU.Build.0 = Release|iPhone
		{C40A5B91-716C-41B3-99B8-FD14A91BAD56}.Release|Any CPU.Deploy.0 = Release|iPhone
		{C40A5B91-716C-41B3-99B8-FD14A91BAD56}.Release|iPhone.ActiveCfg = Release|iPhone
		{C40A5B91-716C-41B3-99B8-FD14A91BAD56}.Release|iPhone.Build.0 = Release|iPhone
		{C40A5B91-716C-41B3-99B8-FD14A91BAD56}.Release|iPhone.Deploy.0 = Release|iPhone
		{C40A5B91-716C-41B3-99B8-FD14A91BAD56}.Release|iPhoneSimulator.ActiveCfg = Release|iPhoneSimulator
		{C40A5B91-716C-41B3-99B8-FD14A91BAD56}.Release|iPhoneSimulator.Build.0 = Release|iPhoneSimulator
		{C40A5B91-716C-41B3-99B8-FD14A91BAD56}.Release|iPhoneSimulator.Deploy.0 = Release|iPhoneSimulator
		{0396A442-ABAE-4F88-BCB4-ED5C5CC7F3F6}.Ad-Hoc|Any CPU.ActiveCfg = Debug|Any CPU
		{0396A442-ABAE-4F88-BCB4-ED5C5CC7F3F6}.Ad-Hoc|Any CPU.Build.0 = Debug|Any CPU
		{0396A442-ABAE-4F88-BCB4-ED5C5CC7F3F6}.Ad-Hoc|Any CPU.Deploy.0 = Debug|Any CPU
		{0396A442-ABAE-4F88-BCB4-ED5C5CC7F3F6}.Ad-Hoc|iPhone.ActiveCfg = Debug|Any CPU
		{0396A442-ABAE-4F88-BCB4-ED5C5CC7F3F6}.Ad-Hoc|iPhone.Build.0 = Debug|Any CPU
		{0396A442-ABAE-4F88-BCB4-ED5C5CC7F3F6}.Ad-Hoc|iPhone.Deploy.0 = Debug|Any CPU
		{0396A442-ABAE-4F88-BCB4-ED5C5CC7F3F6}.Ad-Hoc|iPhoneSimulator.ActiveCfg = Debug|Any CPU
		{0396A442-ABAE-4F88-BCB4-ED5C5CC7F3F6}.Ad-Hoc|iPhoneSimulator.Build.0 = Debug|Any CPU
		{0396A442-ABAE-4F88-BCB4-ED5C5CC7F3F6}.Ad-Hoc|iPhoneSimulator.Deploy.0 = Debug|Any CPU
		{0396A442-ABAE-4F88-BCB4-ED5C5CC7F3F6}.AppStore|Any CPU.ActiveCfg = Debug|Any CPU
		{0396A442-ABAE-4F88-BCB4-ED5C5CC7F3F6}.AppStore|Any CPU.Build.0 = Debug|Any CPU
		{0396A442-ABAE-4F88-BCB4-ED5C5CC7F3F6}.AppStore|Any CPU.Deploy.0 = Debug|Any CPU
		{0396A442-ABAE-4F88-BCB4-ED5C5CC7F3F6}.AppStore|iPhone.ActiveCfg = Debug|Any CPU
		{0396A442-ABAE-4F88-BCB4-ED5C5CC7F3F6}.AppStore|iPhone.Build.0 = Debug|Any CPU
		{0396A442-ABAE-4F88-BCB4-ED5C5CC7F3F6}.AppStore|iPhone.Deploy.0 = Debug|Any CPU
		{0396A442-ABAE-4F88-BCB4-ED5C5CC7F3F6}.AppStore|iPhoneSimulator.ActiveCfg = Debug|Any CPU
		{0396A442-ABAE-4F88-BCB4-ED5C5CC7F3F6}.AppStore|iPhoneSimulator.Build.0 = Debug|Any CPU
		{0396A442-ABAE-4F88-BCB4-ED5C5CC7F3F6}.AppStore|iPhoneSimulator.Deploy.0 = Debug|Any CPU
		{0396A442-ABAE-4F88-BCB4-ED5C5CC7F3F6}.Debug|Any CPU.ActiveCfg = Debug|Any CPU
		{0396A442-ABAE-4F88-BCB4-ED5C5CC7F3F6}.Debug|Any CPU.Build.0 = Debug|Any CPU
		{0396A442-ABAE-4F88-BCB4-ED5C5CC7F3F6}.Debug|Any CPU.Deploy.0 = Debug|Any CPU
		{0396A442-ABAE-4F88-BCB4-ED5C5CC7F3F6}.Debug|iPhone.ActiveCfg = Debug|Any CPU
		{0396A442-ABAE-4F88-BCB4-ED5C5CC7F3F6}.Debug|iPhone.Build.0 = Debug|Any CPU
		{0396A442-ABAE-4F88-BCB4-ED5C5CC7F3F6}.Debug|iPhone.Deploy.0 = Debug|Any CPU
		{0396A442-ABAE-4F88-BCB4-ED5C5CC7F3F6}.Debug|iPhoneSimulator.ActiveCfg = Debug|Any CPU
		{0396A442-ABAE-4F88-BCB4-ED5C5CC7F3F6}.Debug|iPhoneSimulator.Build.0 = Debug|Any CPU
		{0396A442-ABAE-4F88-BCB4-ED5C5CC7F3F6}.Debug|iPhoneSimulator.Deploy.0 = Debug|Any CPU
		{0396A442-ABAE-4F88-BCB4-ED5C5CC7F3F6}.Release|Any CPU.ActiveCfg = Release|Any CPU
		{0396A442-ABAE-4F88-BCB4-ED5C5CC7F3F6}.Release|Any CPU.Build.0 = Release|Any CPU
		{0396A442-ABAE-4F88-BCB4-ED5C5CC7F3F6}.Release|Any CPU.Deploy.0 = Release|Any CPU
		{0396A442-ABAE-4F88-BCB4-ED5C5CC7F3F6}.Release|iPhone.ActiveCfg = Release|Any CPU
		{0396A442-ABAE-4F88-BCB4-ED5C5CC7F3F6}.Release|iPhone.Build.0 = Release|Any CPU
		{0396A442-ABAE-4F88-BCB4-ED5C5CC7F3F6}.Release|iPhone.Deploy.0 = Release|Any CPU
		{0396A442-ABAE-4F88-BCB4-ED5C5CC7F3F6}.Release|iPhoneSimulator.ActiveCfg = Release|Any CPU
		{0396A442-ABAE-4F88-BCB4-ED5C5CC7F3F6}.Release|iPhoneSimulator.Build.0 = Release|Any CPU
		{0396A442-ABAE-4F88-BCB4-ED5C5CC7F3F6}.Release|iPhoneSimulator.Deploy.0 = Release|Any CPU
		{97EDD94D-025F-4BB5-9C04-0ACF11FB4FCE}.Ad-Hoc|Any CPU.ActiveCfg = Debug|Any CPU
		{97EDD94D-025F-4BB5-9C04-0ACF11FB4FCE}.Ad-Hoc|Any CPU.Build.0 = Debug|Any CPU
		{97EDD94D-025F-4BB5-9C04-0ACF11FB4FCE}.Ad-Hoc|iPhone.ActiveCfg = Debug|Any CPU
		{97EDD94D-025F-4BB5-9C04-0ACF11FB4FCE}.Ad-Hoc|iPhone.Build.0 = Debug|Any CPU
		{97EDD94D-025F-4BB5-9C04-0ACF11FB4FCE}.Ad-Hoc|iPhoneSimulator.ActiveCfg = Debug|Any CPU
		{97EDD94D-025F-4BB5-9C04-0ACF11FB4FCE}.Ad-Hoc|iPhoneSimulator.Build.0 = Debug|Any CPU
		{97EDD94D-025F-4BB5-9C04-0ACF11FB4FCE}.AppStore|Any CPU.ActiveCfg = Debug|Any CPU
		{97EDD94D-025F-4BB5-9C04-0ACF11FB4FCE}.AppStore|Any CPU.Build.0 = Debug|Any CPU
		{97EDD94D-025F-4BB5-9C04-0ACF11FB4FCE}.AppStore|iPhone.ActiveCfg = Debug|Any CPU
		{97EDD94D-025F-4BB5-9C04-0ACF11FB4FCE}.AppStore|iPhone.Build.0 = Debug|Any CPU
		{97EDD94D-025F-4BB5-9C04-0ACF11FB4FCE}.AppStore|iPhoneSimulator.ActiveCfg = Debug|Any CPU
		{97EDD94D-025F-4BB5-9C04-0ACF11FB4FCE}.AppStore|iPhoneSimulator.Build.0 = Debug|Any CPU
		{97EDD94D-025F-4BB5-9C04-0ACF11FB4FCE}.Debug|Any CPU.ActiveCfg = Debug|Any CPU
		{97EDD94D-025F-4BB5-9C04-0ACF11FB4FCE}.Debug|Any CPU.Build.0 = Debug|Any CPU
		{97EDD94D-025F-4BB5-9C04-0ACF11FB4FCE}.Debug|iPhone.ActiveCfg = Debug|Any CPU
		{97EDD94D-025F-4BB5-9C04-0ACF11FB4FCE}.Debug|iPhone.Build.0 = Debug|Any CPU
		{97EDD94D-025F-4BB5-9C04-0ACF11FB4FCE}.Debug|iPhoneSimulator.ActiveCfg = Debug|Any CPU
		{97EDD94D-025F-4BB5-9C04-0ACF11FB4FCE}.Debug|iPhoneSimulator.Build.0 = Debug|Any CPU
		{97EDD94D-025F-4BB5-9C04-0ACF11FB4FCE}.Release|Any CPU.ActiveCfg = Release|Any CPU
		{97EDD94D-025F-4BB5-9C04-0ACF11FB4FCE}.Release|Any CPU.Build.0 = Release|Any CPU
		{97EDD94D-025F-4BB5-9C04-0ACF11FB4FCE}.Release|iPhone.ActiveCfg = Release|Any CPU
		{97EDD94D-025F-4BB5-9C04-0ACF11FB4FCE}.Release|iPhone.Build.0 = Release|Any CPU
		{97EDD94D-025F-4BB5-9C04-0ACF11FB4FCE}.Release|iPhoneSimulator.ActiveCfg = Release|Any CPU
		{97EDD94D-025F-4BB5-9C04-0ACF11FB4FCE}.Release|iPhoneSimulator.Build.0 = Release|Any CPU
	EndGlobalSection
	GlobalSection(SolutionProperties) = preSolution
		HideSolutionNode = FALSE
	EndGlobalSection
	GlobalSection(ExtensibilityGlobals) = postSolution
		SolutionGuid = {0C2EEE79-5EFA-4FAA-87F9-C675F8CA8FB1}
	EndGlobalSection
EndGlobal
